<Solution>
  <Project Path="MyUniversityApp/MyUniversityApp.csproj" />
  <Project Path="UniversityApp.Application/UniversityApp.Application.csproj" Id="0c3512cf-c10e-4425-a993-5ac02d3c7e40" />
  <Project Path="UniversityApp.Domain/UniversityApp.Domain.csproj" />
  <Project Path="UniversityApp.Infrastructure/UniversityApp.Infrastructure.csproj" Id="52829316-68c7-4287-98bb-6b02a5af4691" />
</Solution>
